
Microsoft Visual Studio Solution File, Format Version 12.00
# Visual Studio Version 16
VisualStudioVersion = 16.0.29613.14
MinimumVisualStudioVersion = 10.0.40219.1
Project("{9A19103F-16F7-4668-BE54-9A1E7A4F7556}") = "GatewayTask.Service", "Gateway.Service\GatewayTask.Service.csproj", "{86AB9A8E-D62B-45D4-BE9E-EFA0F5AB996C}"
EndProject
Project("{9A19103F-16F7-4668-BE54-9A1E7A4F7556}") = "GatewayTask.Repo", "Gateway.Repo\GatewayTask.Repo.csproj", "{0E0A3676-DCA2-4CF4-8A1A-FB422E0C8FCE}"
EndProject
Project("{9A19103F-16F7-4668-BE54-9A1E7A4F7556}") = "GatewayTask.Data", "Gateway.Data\GatewayTask.Data.csproj", "{2D216956-3F4D-43CF-9ED9-B2C2CF3CD204}"
EndProject
Project("{FAE04EC0-301F-11D3-BF4B-00C04F79EFBC}") = "GatewayTask.Web", "GatewayTask.Web\GatewayTask.Web.csproj", "{41D64EC2-7ED5-4D53-9B93-B9DBD19AA4B6}"
EndProject
Project("{FAE04EC0-301F-11D3-BF4B-00C04F79EFBC}") = "test3", "test3\test3.csproj", "{177436F1-E499-4DC4-9E00-DD0E23EA6790}"
EndProject
Global
	GlobalSection(SolutionConfigurationPlatforms) = preSolution
		Debug|Any CPU = Debug|Any CPU
		Release|Any CPU = Release|Any CPU
	EndGlobalSection
	GlobalSection(ProjectConfigurationPlatforms) = postSolution
		{86AB9A8E-D62B-45D4-BE9E-EFA0F5AB996C}.Debug|Any CPU.ActiveCfg = Debug|Any CPU
		{86AB9A8E-D62B-45D4-BE9E-EFA0F5AB996C}.Debug|Any CPU.Build.0 = Debug|Any CPU
		{86AB9A8E-D62B-45D4-BE9E-EFA0F5AB996C}.Release|Any CPU.ActiveCfg = Release|Any CPU
		{86AB9A8E-D62B-45D4-BE9E-EFA0F5AB996C}.Release|Any CPU.Build.0 = Release|Any CPU
		{0E0A3676-DCA2-4CF4-8A1A-FB422E0C8FCE}.Debug|Any CPU.ActiveCfg = Debug|Any CPU
		{0E0A3676-DCA2-4CF4-8A1A-FB422E0C8FCE}.Debug|Any CPU.Build.0 = Debug|Any CPU
		{0E0A3676-DCA2-4CF4-8A1A-FB422E0C8FCE}.Release|Any CPU.ActiveCfg = Release|Any CPU
		{0E0A3676-DCA2-4CF4-8A1A-FB422E0C8FCE}.Release|Any CPU.Build.0 = Release|Any CPU
		{2D216956-3F4D-43CF-9ED9-B2C2CF3CD204}.Debug|Any CPU.ActiveCfg = Debug|Any CPU
		{2D216956-3F4D-43CF-9ED9-B2C2CF3CD204}.Debug|Any CPU.Build.0 = Debug|Any CPU
		{2D216956-3F4D-43CF-9ED9-B2C2CF3CD204}.Release|Any CPU.ActiveCfg = Release|Any CPU
		{2D216956-3F4D-43CF-9ED9-B2C2CF3CD204}.Release|Any CPU.Build.0 = Release|Any CPU
		{41D64EC2-7ED5-4D53-9B93-B9DBD19AA4B6}.Debug|Any CPU.ActiveCfg = Debug|Any CPU
		{41D64EC2-7ED5-4D53-9B93-B9DBD19AA4B6}.Debug|Any CPU.Build.0 = Debug|Any CPU
		{41D64EC2-7ED5-4D53-9B93-B9DBD19AA4B6}.Release|Any CPU.ActiveCfg = Release|Any CPU
		{41D64EC2-7ED5-4D53-9B93-B9DBD19AA4B6}.Release|Any CPU.Build.0 = Release|Any CPU
		{177436F1-E499-4DC4-9E00-DD0E23EA6790}.Debug|Any CPU.ActiveCfg = Debug|Any CPU
		{177436F1-E499-4DC4-9E00-DD0E23EA6790}.Debug|Any CPU.Build.0 = Debug|Any CPU
		{177436F1-E499-4DC4-9E00-DD0E23EA6790}.Release|Any CPU.ActiveCfg = Release|Any CPU
		{177436F1-E499-4DC4-9E00-DD0E23EA6790}.Release|Any CPU.Build.0 = Release|Any CPU
	EndGlobalSection
	GlobalSection(SolutionProperties) = preSolution
		HideSolutionNode = FALSE
	EndGlobalSection
	GlobalSection(ExtensibilityGlobals) = postSolution
		SolutionGuid = {95791BE5-66EE-4709-829B-658C0B9CCAA1}
	EndGlobalSection
EndGlobal
